// !$*UTF8*$!
{
	archiveVersion = 1;
	classes = {
	};
	objectVersion = 56;
	objects = {

/* Begin PBXBuildFile section */
		032621602C92D99E00312139 /* EventKitManager.swift in Sources */ = {isa = PBXBuildFile; fileRef = 0326215F2C92D99E00312139 /* EventKitManager.swift */; };
		032621622C93C03500312139 /* PressureManager.swift in Sources */ = {isa = PBXBuildFile; fileRef = 032621612C93C03500312139 /* PressureManager.swift */; };
		03E673BC2CAFA8F800A6A672 /* AmbientLightView.swift in Sources */ = {isa = PBXBuildFile; fileRef = 03E673BB2CAFA8F800A6A672 /* AmbientLightView.swift */; };
		4D31DFA72C47AD78009150C8 /* LazyGridBasic.swift in Sources */ = {isa = PBXBuildFile; fileRef = 4D31DFA62C47AD78009150C8 /* LazyGridBasic.swift */; };
		4D31DFA92C47D46E009150C8 /* TextBasic.swift in Sources */ = {isa = PBXBuildFile; fileRef = 4D31DFA82C47D46E009150C8 /* TextBasic.swift */; };
		4D31DFAB2C47FC59009150C8 /* ShapeBasic.swift in Sources */ = {isa = PBXBuildFile; fileRef = 4D31DFAA2C47FC59009150C8 /* ShapeBasic.swift */; };
		4D31DFAD2C48D979009150C8 /* ColorBasic.swift in Sources */ = {isa = PBXBuildFile; fileRef = 4D31DFAC2C48D979009150C8 /* ColorBasic.swift */; };
		4D31DFAF2C48E47A009150C8 /* GradientBasic.swift in Sources */ = {isa = PBXBuildFile; fileRef = 4D31DFAE2C48E47A009150C8 /* GradientBasic.swift */; };
		4D31DFB12C48ED64009150C8 /* IconBasic.swift in Sources */ = {isa = PBXBuildFile; fileRef = 4D31DFB02C48ED64009150C8 /* IconBasic.swift */; };
		4D31DFB32C48EFAD009150C8 /* ImageBasic.swift in Sources */ = {isa = PBXBuildFile; fileRef = 4D31DFB22C48EFAD009150C8 /* ImageBasic.swift */; };
		4D31DFB52C48F61F009150C8 /* FrameBasic.swift in Sources */ = {isa = PBXBuildFile; fileRef = 4D31DFB42C48F61F009150C8 /* FrameBasic.swift */; };
		4D31DFB72C48FA82009150C8 /* BackgrounOverlayBasic.swift in Sources */ = {isa = PBXBuildFile; fileRef = 4D31DFB62C48FA82009150C8 /* BackgrounOverlayBasic.swift */; };
		4D31DFB92C49089C009150C8 /* StackBasic.swift in Sources */ = {isa = PBXBuildFile; fileRef = 4D31DFB82C49089C009150C8 /* StackBasic.swift */; };
		4D31DFBB2C490D13009150C8 /* PaddingBasic.swift in Sources */ = {isa = PBXBuildFile; fileRef = 4D31DFBA2C490D13009150C8 /* PaddingBasic.swift */; };
		4D31DFBD2C490FF8009150C8 /* SpacerBasic.swift in Sources */ = {isa = PBXBuildFile; fileRef = 4D31DFBC2C490FF8009150C8 /* SpacerBasic.swift */; };
		4D31DFBF2C493573009150C8 /* ScrollViewBasic.swift in Sources */ = {isa = PBXBuildFile; fileRef = 4D31DFBE2C493573009150C8 /* ScrollViewBasic.swift */; };
		4D31DFC12C493BE3009150C8 /* initEnumBasic.swift in Sources */ = {isa = PBXBuildFile; fileRef = 4D31DFC02C493BE3009150C8 /* initEnumBasic.swift */; };
		4D31DFC32C4A0381009150C8 /* ForEachBasic.swift in Sources */ = {isa = PBXBuildFile; fileRef = 4D31DFC22C4A0381009150C8 /* ForEachBasic.swift */; };
		4D31DFC52C4A0CF7009150C8 /* IgnoreSafeAreaBasic.swift in Sources */ = {isa = PBXBuildFile; fileRef = 4D31DFC42C4A0CF7009150C8 /* IgnoreSafeAreaBasic.swift */; };
		4D31DFC72C4A8FF1009150C8 /* ButtonBasic.swift in Sources */ = {isa = PBXBuildFile; fileRef = 4D31DFC62C4A8FF1009150C8 /* ButtonBasic.swift */; };
		4D31DFC92C4AA19F009150C8 /* StateBasic.swift in Sources */ = {isa = PBXBuildFile; fileRef = 4D31DFC82C4AA19F009150C8 /* StateBasic.swift */; };
		4D31DFCB2C4AA508009150C8 /* ExtactViewBasic.swift in Sources */ = {isa = PBXBuildFile; fileRef = 4D31DFCA2C4AA508009150C8 /* ExtactViewBasic.swift */; };
		4D31DFCD2C4AA63E009150C8 /* ExtractSubViewBasic.swift in Sources */ = {isa = PBXBuildFile; fileRef = 4D31DFCC2C4AA63E009150C8 /* ExtractSubViewBasic.swift */; };
		4D31DFD02C4AA660009150C8 /* ItemBasic.swift in Sources */ = {isa = PBXBuildFile; fileRef = 4D31DFCF2C4AA660009150C8 /* ItemBasic.swift */; };
		4D31DFD22C4AA859009150C8 /* BindingBasic.swift in Sources */ = {isa = PBXBuildFile; fileRef = 4D31DFD12C4AA859009150C8 /* BindingBasic.swift */; };
		4D31DFD42C4AA871009150C8 /* BindingChildBasic.swift in Sources */ = {isa = PBXBuildFile; fileRef = 4D31DFD32C4AA871009150C8 /* BindingChildBasic.swift */; };
		4D31DFD62C4AAEAB009150C8 /* ConditionalBasic.swift in Sources */ = {isa = PBXBuildFile; fileRef = 4D31DFD52C4AAEAB009150C8 /* ConditionalBasic.swift */; };
		4D31DFD82C4AB326009150C8 /* TernaryBasic.swift in Sources */ = {isa = PBXBuildFile; fileRef = 4D31DFD72C4AB326009150C8 /* TernaryBasic.swift */; };
		4D31DFDA2C4CE989009150C8 /* AnimationBasic.swift in Sources */ = {isa = PBXBuildFile; fileRef = 4D31DFD92C4CE989009150C8 /* AnimationBasic.swift */; };
		4D31DFDC2C4CEDEB009150C8 /* TransitionBasic.swift in Sources */ = {isa = PBXBuildFile; fileRef = 4D31DFDB2C4CEDEB009150C8 /* TransitionBasic.swift */; };
		4D31DFDE2C4D331C009150C8 /* SheetBasic.swift in Sources */ = {isa = PBXBuildFile; fileRef = 4D31DFDD2C4D331C009150C8 /* SheetBasic.swift */; };
		4D31DFE02C4D332A009150C8 /* SheetBasic2.swift in Sources */ = {isa = PBXBuildFile; fileRef = 4D31DFDF2C4D332A009150C8 /* SheetBasic2.swift */; };
		4D31DFE22C4D34FA009150C8 /* NavigationBasic.swift in Sources */ = {isa = PBXBuildFile; fileRef = 4D31DFE12C4D34FA009150C8 /* NavigationBasic.swift */; };
		4D31DFE42C4D3505009150C8 /* SecondNavigationView.swift in Sources */ = {isa = PBXBuildFile; fileRef = 4D31DFE32C4D3505009150C8 /* SecondNavigationView.swift */; };
		4D31DFE62C4D4142009150C8 /* ListBasic.swift in Sources */ = {isa = PBXBuildFile; fileRef = 4D31DFE52C4D4142009150C8 /* ListBasic.swift */; };
		4D31DFE82C4D447C009150C8 /* AlertBasic.swift in Sources */ = {isa = PBXBuildFile; fileRef = 4D31DFE72C4D447C009150C8 /* AlertBasic.swift */; };
		4D31DFEA2C4D49D1009150C8 /* ContextMenuBasic.swift in Sources */ = {isa = PBXBuildFile; fileRef = 4D31DFE92C4D49D1009150C8 /* ContextMenuBasic.swift */; };
		4D31DFEC2C4DF0D7009150C8 /* ActionSheetBasic.swift in Sources */ = {isa = PBXBuildFile; fileRef = 4D31DFEB2C4DF0D7009150C8 /* ActionSheetBasic.swift */; };
		4D31DFEE2C4DF858009150C8 /* TextFieldBasic.swift in Sources */ = {isa = PBXBuildFile; fileRef = 4D31DFED2C4DF858009150C8 /* TextFieldBasic.swift */; };
		4D31DFF02C4DFBE8009150C8 /* ToggleBasic.swift in Sources */ = {isa = PBXBuildFile; fileRef = 4D31DFEF2C4DFBE8009150C8 /* ToggleBasic.swift */; };
		4D31DFF22C4DFCED009150C8 /* PickerBasic.swift in Sources */ = {isa = PBXBuildFile; fileRef = 4D31DFF12C4DFCED009150C8 /* PickerBasic.swift */; };
		4D31DFF42C4DFECB009150C8 /* ColorPickerBasic.swift in Sources */ = {isa = PBXBuildFile; fileRef = 4D31DFF32C4DFECB009150C8 /* ColorPickerBasic.swift */; };
		4D31DFF62C4E068D009150C8 /* DatePickerBasic.swift in Sources */ = {isa = PBXBuildFile; fileRef = 4D31DFF52C4E068D009150C8 /* DatePickerBasic.swift */; };
		4D31DFF82C4E0C6D009150C8 /* StepperBasic.swift in Sources */ = {isa = PBXBuildFile; fileRef = 4D31DFF72C4E0C6D009150C8 /* StepperBasic.swift */; };
		4D31DFFA2C4E0F8F009150C8 /* SliderBasic.swift in Sources */ = {isa = PBXBuildFile; fileRef = 4D31DFF92C4E0F8F009150C8 /* SliderBasic.swift */; };
		4D31DFFC2C4E161F009150C8 /* TabViewBasic.swift in Sources */ = {isa = PBXBuildFile; fileRef = 4D31DFFB2C4E161F009150C8 /* TabViewBasic.swift */; };
		4D31DFFE2C4E1A2F009150C8 /* DarkModeBasic.swift in Sources */ = {isa = PBXBuildFile; fileRef = 4D31DFFD2C4E1A2F009150C8 /* DarkModeBasic.swift */; };
		4D31E0022C4E1D0A009150C8 /* OnAppearBasic.swift in Sources */ = {isa = PBXBuildFile; fileRef = 4D31E0012C4E1D0A009150C8 /* OnAppearBasic.swift */; };
		4D31E0042C4E1F48009150C8 /* OnTabGesture.swift in Sources */ = {isa = PBXBuildFile; fileRef = 4D31E0032C4E1F48009150C8 /* OnTabGesture.swift */; };
		4D31E0342C4F8EA8009150C8 /* UserModel.swift in Sources */ = {isa = PBXBuildFile; fileRef = 4D31E0332C4F8EA8009150C8 /* UserModel.swift */; };
		4D31E0362C4F8F5A009150C8 /* UserModelBasicView.swift in Sources */ = {isa = PBXBuildFile; fileRef = 4D31E0352C4F8F5A009150C8 /* UserModelBasicView.swift */; };
		4D31E0382C4F92AD009150C8 /* FruitModel.swift in Sources */ = {isa = PBXBuildFile; fileRef = 4D31E0372C4F92AD009150C8 /* FruitModel.swift */; };
		4D31E03A2C4F92E2009150C8 /* FruitViewModel.swift in Sources */ = {isa = PBXBuildFile; fileRef = 4D31E0392C4F92E2009150C8 /* FruitViewModel.swift */; };
		4D31E03C2C4F9509009150C8 /* FruitBasicView.swift in Sources */ = {isa = PBXBuildFile; fileRef = 4D31E03B2C4F9509009150C8 /* FruitBasicView.swift */; };
		4D31E03F2C4F9875009150C8 /* SecondScreen.swift in Sources */ = {isa = PBXBuildFile; fileRef = 4D31E03E2C4F9875009150C8 /* SecondScreen.swift */; };
		4D31E0412C4FA5B3009150C8 /* iOSdeviceModel.swift in Sources */ = {isa = PBXBuildFile; fileRef = 4D31E0402C4FA5B3009150C8 /* iOSdeviceModel.swift */; };
		4D31E0432C4FA5F9009150C8 /* iOSdeviceViewModel.swift in Sources */ = {isa = PBXBuildFile; fileRef = 4D31E0422C4FA5F9009150C8 /* iOSdeviceViewModel.swift */; };
		4D31E0452C4FA6A9009150C8 /* iOSDeviceView.swift in Sources */ = {isa = PBXBuildFile; fileRef = 4D31E0442C4FA6A9009150C8 /* iOSDeviceView.swift */; };
		4D31E0472C4FA71D009150C8 /* iOSDeviceView2.swift in Sources */ = {isa = PBXBuildFile; fileRef = 4D31E0462C4FA71D009150C8 /* iOSDeviceView2.swift */; };
		4D31E0492C4FA7E2009150C8 /* iOSDeviceView3.swift in Sources */ = {isa = PBXBuildFile; fileRef = 4D31E0482C4FA7E2009150C8 /* iOSDeviceView3.swift */; };
		4D31E04B2C4FACD6009150C8 /* AppStorageBasic.swift in Sources */ = {isa = PBXBuildFile; fileRef = 4D31E04A2C4FACD6009150C8 /* AppStorageBasic.swift */; };
		4D31E0772C5345AA009150C8 /* ClouldKitUserBootcamp.swift in Sources */ = {isa = PBXBuildFile; fileRef = 4D31E0762C5345AA009150C8 /* ClouldKitUserBootcamp.swift */; };
		4D6349922C344C04009FCC33 /* SwiftUIPrctice2App.swift in Sources */ = {isa = PBXBuildFile; fileRef = 4D6349912C344C04009FCC33 /* SwiftUIPrctice2App.swift */; };
		4D6349942C344C04009FCC33 /* ContentView.swift in Sources */ = {isa = PBXBuildFile; fileRef = 4D6349932C344C04009FCC33 /* ContentView.swift */; };
		4D6349962C344C05009FCC33 /* Assets.xcassets in Resources */ = {isa = PBXBuildFile; fileRef = 4D6349952C344C05009FCC33 /* Assets.xcassets */; };
		4D6349992C344C05009FCC33 /* Preview Assets.xcassets in Resources */ = {isa = PBXBuildFile; fileRef = 4D6349982C344C05009FCC33 /* Preview Assets.xcassets */; };
		4D6349A02C344F16009FCC33 /* ListView.swift in Sources */ = {isa = PBXBuildFile; fileRef = 4D63499F2C344F16009FCC33 /* ListView.swift */; };
		4D6349A22C344FB9009FCC33 /* CustomScrollView.swift in Sources */ = {isa = PBXBuildFile; fileRef = 4D6349A12C344FB9009FCC33 /* CustomScrollView.swift */; };
		4D6349A42C3453B3009FCC33 /* GridItemView.swift in Sources */ = {isa = PBXBuildFile; fileRef = 4D6349A32C3453B3009FCC33 /* GridItemView.swift */; };
		4D956A2F2C984DB1002960E7 /* SensorKitManager.swift in Sources */ = {isa = PBXBuildFile; fileRef = 4D956A2E2C984DB1002960E7 /* SensorKitManager.swift */; };
		4D956A312C9C77C0002960E7 /* KeyboardLogManager.swift in Sources */ = {isa = PBXBuildFile; fileRef = 4D956A302C9C77C0002960E7 /* KeyboardLogManager.swift */; };
		4D956A372C9DDC35002960E7 /* KeyboardLogView.swift in Sources */ = {isa = PBXBuildFile; fileRef = 4D956A362C9DDC35002960E7 /* KeyboardLogView.swift */; };
/* End PBXBuildFile section */

/* Begin PBXFileReference section */
		0326215F2C92D99E00312139 /* EventKitManager.swift */ = {isa = PBXFileReference; lastKnownFileType = sourcecode.swift; path = EventKitManager.swift; sourceTree = "<group>"; };
		032621612C93C03500312139 /* PressureManager.swift */ = {isa = PBXFileReference; lastKnownFileType = sourcecode.swift; path = PressureManager.swift; sourceTree = "<group>"; };
		03E673BB2CAFA8F800A6A672 /* AmbientLightView.swift */ = {isa = PBXFileReference; lastKnownFileType = sourcecode.swift; path = AmbientLightView.swift; sourceTree = "<group>"; };
		4D31DFA62C47AD78009150C8 /* LazyGridBasic.swift */ = {isa = PBXFileReference; lastKnownFileType = sourcecode.swift; path = LazyGridBasic.swift; sourceTree = "<group>"; };
		4D31DFA82C47D46E009150C8 /* TextBasic.swift */ = {isa = PBXFileReference; lastKnownFileType = sourcecode.swift; path = TextBasic.swift; sourceTree = "<group>"; };
		4D31DFAA2C47FC59009150C8 /* ShapeBasic.swift */ = {isa = PBXFileReference; lastKnownFileType = sourcecode.swift; path = ShapeBasic.swift; sourceTree = "<group>"; };
		4D31DFAC2C48D979009150C8 /* ColorBasic.swift */ = {isa = PBXFileReference; lastKnownFileType = sourcecode.swift; path = ColorBasic.swift; sourceTree = "<group>"; };
		4D31DFAE2C48E47A009150C8 /* GradientBasic.swift */ = {isa = PBXFileReference; lastKnownFileType = sourcecode.swift; path = GradientBasic.swift; sourceTree = "<group>"; };
		4D31DFB02C48ED64009150C8 /* IconBasic.swift */ = {isa = PBXFileReference; lastKnownFileType = sourcecode.swift; path = IconBasic.swift; sourceTree = "<group>"; };
		4D31DFB22C48EFAD009150C8 /* ImageBasic.swift */ = {isa = PBXFileReference; lastKnownFileType = sourcecode.swift; path = ImageBasic.swift; sourceTree = "<group>"; };
		4D31DFB42C48F61F009150C8 /* FrameBasic.swift */ = {isa = PBXFileReference; lastKnownFileType = sourcecode.swift; path = FrameBasic.swift; sourceTree = "<group>"; };
		4D31DFB62C48FA82009150C8 /* BackgrounOverlayBasic.swift */ = {isa = PBXFileReference; lastKnownFileType = sourcecode.swift; path = BackgrounOverlayBasic.swift; sourceTree = "<group>"; };
		4D31DFB82C49089C009150C8 /* StackBasic.swift */ = {isa = PBXFileReference; lastKnownFileType = sourcecode.swift; path = StackBasic.swift; sourceTree = "<group>"; };
		4D31DFBA2C490D13009150C8 /* PaddingBasic.swift */ = {isa = PBXFileReference; lastKnownFileType = sourcecode.swift; path = PaddingBasic.swift; sourceTree = "<group>"; };
		4D31DFBC2C490FF8009150C8 /* SpacerBasic.swift */ = {isa = PBXFileReference; lastKnownFileType = sourcecode.swift; path = SpacerBasic.swift; sourceTree = "<group>"; };
		4D31DFBE2C493573009150C8 /* ScrollViewBasic.swift */ = {isa = PBXFileReference; lastKnownFileType = sourcecode.swift; path = ScrollViewBasic.swift; sourceTree = "<group>"; };
		4D31DFC02C493BE3009150C8 /* initEnumBasic.swift */ = {isa = PBXFileReference; lastKnownFileType = sourcecode.swift; path = initEnumBasic.swift; sourceTree = "<group>"; };
		4D31DFC22C4A0381009150C8 /* ForEachBasic.swift */ = {isa = PBXFileReference; lastKnownFileType = sourcecode.swift; path = ForEachBasic.swift; sourceTree = "<group>"; };
		4D31DFC42C4A0CF7009150C8 /* IgnoreSafeAreaBasic.swift */ = {isa = PBXFileReference; lastKnownFileType = sourcecode.swift; path = IgnoreSafeAreaBasic.swift; sourceTree = "<group>"; };
		4D31DFC62C4A8FF1009150C8 /* ButtonBasic.swift */ = {isa = PBXFileReference; lastKnownFileType = sourcecode.swift; path = ButtonBasic.swift; sourceTree = "<group>"; };
		4D31DFC82C4AA19F009150C8 /* StateBasic.swift */ = {isa = PBXFileReference; lastKnownFileType = sourcecode.swift; path = StateBasic.swift; sourceTree = "<group>"; };
		4D31DFCA2C4AA508009150C8 /* ExtactViewBasic.swift */ = {isa = PBXFileReference; lastKnownFileType = sourcecode.swift; path = ExtactViewBasic.swift; sourceTree = "<group>"; };
		4D31DFCC2C4AA63E009150C8 /* ExtractSubViewBasic.swift */ = {isa = PBXFileReference; lastKnownFileType = sourcecode.swift; path = ExtractSubViewBasic.swift; sourceTree = "<group>"; };
		4D31DFCF2C4AA660009150C8 /* ItemBasic.swift */ = {isa = PBXFileReference; lastKnownFileType = sourcecode.swift; path = ItemBasic.swift; sourceTree = "<group>"; };
		4D31DFD12C4AA859009150C8 /* BindingBasic.swift */ = {isa = PBXFileReference; lastKnownFileType = sourcecode.swift; path = BindingBasic.swift; sourceTree = "<group>"; };
		4D31DFD32C4AA871009150C8 /* BindingChildBasic.swift */ = {isa = PBXFileReference; lastKnownFileType = sourcecode.swift; path = BindingChildBasic.swift; sourceTree = "<group>"; };
		4D31DFD52C4AAEAB009150C8 /* ConditionalBasic.swift */ = {isa = PBXFileReference; lastKnownFileType = sourcecode.swift; path = ConditionalBasic.swift; sourceTree = "<group>"; };
		4D31DFD72C4AB326009150C8 /* TernaryBasic.swift */ = {isa = PBXFileReference; lastKnownFileType = sourcecode.swift; path = TernaryBasic.swift; sourceTree = "<group>"; };
		4D31DFD92C4CE989009150C8 /* AnimationBasic.swift */ = {isa = PBXFileReference; lastKnownFileType = sourcecode.swift; path = AnimationBasic.swift; sourceTree = "<group>"; };
		4D31DFDB2C4CEDEB009150C8 /* TransitionBasic.swift */ = {isa = PBXFileReference; lastKnownFileType = sourcecode.swift; path = TransitionBasic.swift; sourceTree = "<group>"; };
		4D31DFDD2C4D331C009150C8 /* SheetBasic.swift */ = {isa = PBXFileReference; lastKnownFileType = sourcecode.swift; path = SheetBasic.swift; sourceTree = "<group>"; };
		4D31DFDF2C4D332A009150C8 /* SheetBasic2.swift */ = {isa = PBXFileReference; lastKnownFileType = sourcecode.swift; path = SheetBasic2.swift; sourceTree = "<group>"; };
		4D31DFE12C4D34FA009150C8 /* NavigationBasic.swift */ = {isa = PBXFileReference; lastKnownFileType = sourcecode.swift; path = NavigationBasic.swift; sourceTree = "<group>"; };
		4D31DFE32C4D3505009150C8 /* SecondNavigationView.swift */ = {isa = PBXFileReference; lastKnownFileType = sourcecode.swift; path = SecondNavigationView.swift; sourceTree = "<group>"; };
		4D31DFE52C4D4142009150C8 /* ListBasic.swift */ = {isa = PBXFileReference; lastKnownFileType = sourcecode.swift; path = ListBasic.swift; sourceTree = "<group>"; };
		4D31DFE72C4D447C009150C8 /* AlertBasic.swift */ = {isa = PBXFileReference; lastKnownFileType = sourcecode.swift; path = AlertBasic.swift; sourceTree = "<group>"; };
		4D31DFE92C4D49D1009150C8 /* ContextMenuBasic.swift */ = {isa = PBXFileReference; lastKnownFileType = sourcecode.swift; path = ContextMenuBasic.swift; sourceTree = "<group>"; };
		4D31DFEB2C4DF0D7009150C8 /* ActionSheetBasic.swift */ = {isa = PBXFileReference; lastKnownFileType = sourcecode.swift; path = ActionSheetBasic.swift; sourceTree = "<group>"; };
		4D31DFED2C4DF858009150C8 /* TextFieldBasic.swift */ = {isa = PBXFileReference; lastKnownFileType = sourcecode.swift; path = TextFieldBasic.swift; sourceTree = "<group>"; };
		4D31DFEF2C4DFBE8009150C8 /* ToggleBasic.swift */ = {isa = PBXFileReference; lastKnownFileType = sourcecode.swift; path = ToggleBasic.swift; sourceTree = "<group>"; };
		4D31DFF12C4DFCED009150C8 /* PickerBasic.swift */ = {isa = PBXFileReference; lastKnownFileType = sourcecode.swift; path = PickerBasic.swift; sourceTree = "<group>"; };
		4D31DFF32C4DFECB009150C8 /* ColorPickerBasic.swift */ = {isa = PBXFileReference; lastKnownFileType = sourcecode.swift; path = ColorPickerBasic.swift; sourceTree = "<group>"; };
		4D31DFF52C4E068D009150C8 /* DatePickerBasic.swift */ = {isa = PBXFileReference; lastKnownFileType = sourcecode.swift; path = DatePickerBasic.swift; sourceTree = "<group>"; };
		4D31DFF72C4E0C6D009150C8 /* StepperBasic.swift */ = {isa = PBXFileReference; lastKnownFileType = sourcecode.swift; path = StepperBasic.swift; sourceTree = "<group>"; };
		4D31DFF92C4E0F8F009150C8 /* SliderBasic.swift */ = {isa = PBXFileReference; lastKnownFileType = sourcecode.swift; path = SliderBasic.swift; sourceTree = "<group>"; };
		4D31DFFB2C4E161F009150C8 /* TabViewBasic.swift */ = {isa = PBXFileReference; lastKnownFileType = sourcecode.swift; path = TabViewBasic.swift; sourceTree = "<group>"; };
		4D31DFFD2C4E1A2F009150C8 /* DarkModeBasic.swift */ = {isa = PBXFileReference; lastKnownFileType = sourcecode.swift; path = DarkModeBasic.swift; sourceTree = "<group>"; };
		4D31E0012C4E1D0A009150C8 /* OnAppearBasic.swift */ = {isa = PBXFileReference; lastKnownFileType = sourcecode.swift; path = OnAppearBasic.swift; sourceTree = "<group>"; };
		4D31E0032C4E1F48009150C8 /* OnTabGesture.swift */ = {isa = PBXFileReference; lastKnownFileType = sourcecode.swift; path = OnTabGesture.swift; sourceTree = "<group>"; };
		4D31E0332C4F8EA8009150C8 /* UserModel.swift */ = {isa = PBXFileReference; lastKnownFileType = sourcecode.swift; path = UserModel.swift; sourceTree = "<group>"; };
		4D31E0352C4F8F5A009150C8 /* UserModelBasicView.swift */ = {isa = PBXFileReference; lastKnownFileType = sourcecode.swift; path = UserModelBasicView.swift; sourceTree = "<group>"; };
		4D31E0372C4F92AD009150C8 /* FruitModel.swift */ = {isa = PBXFileReference; lastKnownFileType = sourcecode.swift; path = FruitModel.swift; sourceTree = "<group>"; };
		4D31E0392C4F92E2009150C8 /* FruitViewModel.swift */ = {isa = PBXFileReference; lastKnownFileType = sourcecode.swift; path = FruitViewModel.swift; sourceTree = "<group>"; };
		4D31E03B2C4F9509009150C8 /* FruitBasicView.swift */ = {isa = PBXFileReference; lastKnownFileType = sourcecode.swift; path = FruitBasicView.swift; sourceTree = "<group>"; };
		4D31E03E2C4F9875009150C8 /* SecondScreen.swift */ = {isa = PBXFileReference; lastKnownFileType = sourcecode.swift; path = SecondScreen.swift; sourceTree = "<group>"; };
		4D31E0402C4FA5B3009150C8 /* iOSdeviceModel.swift */ = {isa = PBXFileReference; lastKnownFileType = sourcecode.swift; path = iOSdeviceModel.swift; sourceTree = "<group>"; };
		4D31E0422C4FA5F9009150C8 /* iOSdeviceViewModel.swift */ = {isa = PBXFileReference; lastKnownFileType = sourcecode.swift; path = iOSdeviceViewModel.swift; sourceTree = "<group>"; };
		4D31E0442C4FA6A9009150C8 /* iOSDeviceView.swift */ = {isa = PBXFileReference; lastKnownFileType = sourcecode.swift; path = iOSDeviceView.swift; sourceTree = "<group>"; };
		4D31E0462C4FA71D009150C8 /* iOSDeviceView2.swift */ = {isa = PBXFileReference; lastKnownFileType = sourcecode.swift; path = iOSDeviceView2.swift; sourceTree = "<group>"; };
		4D31E0482C4FA7E2009150C8 /* iOSDeviceView3.swift */ = {isa = PBXFileReference; lastKnownFileType = sourcecode.swift; path = iOSDeviceView3.swift; sourceTree = "<group>"; };
		4D31E04A2C4FACD6009150C8 /* AppStorageBasic.swift */ = {isa = PBXFileReference; lastKnownFileType = sourcecode.swift; path = AppStorageBasic.swift; sourceTree = "<group>"; };
		4D31E0762C5345AA009150C8 /* ClouldKitUserBootcamp.swift */ = {isa = PBXFileReference; lastKnownFileType = sourcecode.swift; path = ClouldKitUserBootcamp.swift; sourceTree = "<group>"; };
		4D31E0782C534608009150C8 /* SwiftUIBasic.entitlements */ = {isa = PBXFileReference; lastKnownFileType = text.plist.entitlements; path = SwiftUIBasic.entitlements; sourceTree = "<group>"; };
		4D63498E2C344C04009FCC33 /* SwiftUIBasic.app */ = {isa = PBXFileReference; explicitFileType = wrapper.application; includeInIndex = 0; path = SwiftUIBasic.app; sourceTree = BUILT_PRODUCTS_DIR; };
		4D6349912C344C04009FCC33 /* SwiftUIPrctice2App.swift */ = {isa = PBXFileReference; lastKnownFileType = sourcecode.swift; path = SwiftUIPrctice2App.swift; sourceTree = "<group>"; };
		4D6349932C344C04009FCC33 /* ContentView.swift */ = {isa = PBXFileReference; lastKnownFileType = sourcecode.swift; path = ContentView.swift; sourceTree = "<group>"; };
		4D6349952C344C05009FCC33 /* Assets.xcassets */ = {isa = PBXFileReference; lastKnownFileType = folder.assetcatalog; path = Assets.xcassets; sourceTree = "<group>"; };
		4D6349982C344C05009FCC33 /* Preview Assets.xcassets */ = {isa = PBXFileReference; lastKnownFileType = folder.assetcatalog; path = "Preview Assets.xcassets"; sourceTree = "<group>"; };
		4D63499F2C344F16009FCC33 /* ListView.swift */ = {isa = PBXFileReference; lastKnownFileType = sourcecode.swift; path = ListView.swift; sourceTree = "<group>"; };
		4D6349A12C344FB9009FCC33 /* CustomScrollView.swift */ = {isa = PBXFileReference; lastKnownFileType = sourcecode.swift; path = CustomScrollView.swift; sourceTree = "<group>"; };
		4D6349A32C3453B3009FCC33 /* GridItemView.swift */ = {isa = PBXFileReference; lastKnownFileType = sourcecode.swift; path = GridItemView.swift; sourceTree = "<group>"; };
		4D956A2E2C984DB1002960E7 /* SensorKitManager.swift */ = {isa = PBXFileReference; lastKnownFileType = sourcecode.swift; path = SensorKitManager.swift; sourceTree = "<group>"; };
		4D956A302C9C77C0002960E7 /* KeyboardLogManager.swift */ = {isa = PBXFileReference; lastKnownFileType = sourcecode.swift; path = KeyboardLogManager.swift; sourceTree = "<group>"; };
		4D956A362C9DDC35002960E7 /* KeyboardLogView.swift */ = {isa = PBXFileReference; lastKnownFileType = sourcecode.swift; path = KeyboardLogView.swift; sourceTree = "<group>"; };
/* End PBXFileReference section */

/* Begin PBXFrameworksBuildPhase section */
		4D63498B2C344C04009FCC33 /* Frameworks */ = {
			isa = PBXFrameworksBuildPhase;
			buildActionMask = 2147483647;
			files = (
			);
			runOnlyForDeploymentPostprocessing = 0;
		};
/* End PBXFrameworksBuildPhase section */

/* Begin PBXGroup section */
		0326215E2C92D97C00312139 /* VitalTracker */ = {
			isa = PBXGroup;
			children = (
				0326215F2C92D99E00312139 /* EventKitManager.swift */,
				032621612C93C03500312139 /* PressureManager.swift */,
				4D956A2E2C984DB1002960E7 /* SensorKitManager.swift */,
				03E673BB2CAFA8F800A6A672 /* AmbientLightView.swift */,
				4D956A362C9DDC35002960E7 /* KeyboardLogView.swift */,
				4D956A302C9C77C0002960E7 /* KeyboardLogManager.swift */,
			);
			path = VitalTracker;
			sourceTree = "<group>";
		};
		4D31DFCE2C4AA64C009150C8 /* Component */ = {
			isa = PBXGroup;
			children = (
				4D31DFCF2C4AA660009150C8 /* ItemBasic.swift */,
				4D31DFD32C4AA871009150C8 /* BindingChildBasic.swift */,
			);
			path = Component;
			sourceTree = "<group>";
		};
		4D31E02F2C4F8E6E009150C8 /* MVVM */ = {
			isa = PBXGroup;
			children = (
				4D31E0302C4F8E7A009150C8 /* Model */,
				4D31E0322C4F8E87009150C8 /* View */,
				4D31E0312C4F8E80009150C8 /* ViewModel */,
			);
			path = MVVM;
			sourceTree = "<group>";
		};
		4D31E0302C4F8E7A009150C8 /* Model */ = {
			isa = PBXGroup;
			children = (
				4D31E0332C4F8EA8009150C8 /* UserModel.swift */,
				4D31E0402C4FA5B3009150C8 /* iOSdeviceModel.swift */,
				4D31E0372C4F92AD009150C8 /* FruitModel.swift */,
			);
			path = Model;
			sourceTree = "<group>";
		};
		4D31E0312C4F8E80009150C8 /* ViewModel */ = {
			isa = PBXGroup;
			children = (
				4D31E0392C4F92E2009150C8 /* FruitViewModel.swift */,
				4D31E0422C4FA5F9009150C8 /* iOSdeviceViewModel.swift */,
			);
			path = ViewModel;
			sourceTree = "<group>";
		};
		4D31E0322C4F8E87009150C8 /* View */ = {
			isa = PBXGroup;
			children = (
				4D31E0352C4F8F5A009150C8 /* UserModelBasicView.swift */,
				4D31E03B2C4F9509009150C8 /* FruitBasicView.swift */,
				4D31E0462C4FA71D009150C8 /* iOSDeviceView2.swift */,
				4D31E0482C4FA7E2009150C8 /* iOSDeviceView3.swift */,
				4D31E0442C4FA6A9009150C8 /* iOSDeviceView.swift */,
				4D31E03E2C4F9875009150C8 /* SecondScreen.swift */,
			);
			path = View;
			sourceTree = "<group>";
		};
		4D31E0752C534586009150C8 /* CloudKitBootcamps */ = {
			isa = PBXGroup;
			children = (
				4D31E0762C5345AA009150C8 /* ClouldKitUserBootcamp.swift */,
			);
			path = CloudKitBootcamps;
			sourceTree = "<group>";
		};
		4D6349852C344C04009FCC33 = {
			isa = PBXGroup;
			children = (
				4D31E0782C534608009150C8 /* SwiftUIBasic.entitlements */,
				4D6349902C344C04009FCC33 /* SwiftUIPrctice2 */,
				4D63498F2C344C04009FCC33 /* Products */,
			);
			sourceTree = "<group>";
		};
		4D63498F2C344C04009FCC33 /* Products */ = {
			isa = PBXGroup;
			children = (
				4D63498E2C344C04009FCC33 /* SwiftUIBasic.app */,
			);
			name = Products;
			sourceTree = "<group>";
		};
		4D6349902C344C04009FCC33 /* SwiftUIPrctice2 */ = {
			isa = PBXGroup;
			children = (
				4D6349912C344C04009FCC33 /* SwiftUIPrctice2App.swift */,
				4D6349932C344C04009FCC33 /* ContentView.swift */,
				4D63499F2C344F16009FCC33 /* ListView.swift */,
				4D31DFA62C47AD78009150C8 /* LazyGridBasic.swift */,
				4D31DFC42C4A0CF7009150C8 /* IgnoreSafeAreaBasic.swift */,
				4D31DFC62C4A8FF1009150C8 /* ButtonBasic.swift */,
				4D31DFC82C4AA19F009150C8 /* StateBasic.swift */,
				4D31DFCA2C4AA508009150C8 /* ExtactViewBasic.swift */,
				4D31DFAE2C48E47A009150C8 /* GradientBasic.swift */,
				4D31DFB02C48ED64009150C8 /* IconBasic.swift */,
				4D31DFB22C48EFAD009150C8 /* ImageBasic.swift */,
				4D31DFB42C48F61F009150C8 /* FrameBasic.swift */,
				4D31DFB62C48FA82009150C8 /* BackgrounOverlayBasic.swift */,
				4D31DFB82C49089C009150C8 /* StackBasic.swift */,
				4D31DFBA2C490D13009150C8 /* PaddingBasic.swift */,
				4D31DFBC2C490FF8009150C8 /* SpacerBasic.swift */,
				4D31DFBE2C493573009150C8 /* ScrollViewBasic.swift */,
				4D31DFC02C493BE3009150C8 /* initEnumBasic.swift */,
				4D31DFC22C4A0381009150C8 /* ForEachBasic.swift */,
				4D6349A12C344FB9009FCC33 /* CustomScrollView.swift */,
				4D31DFA82C47D46E009150C8 /* TextBasic.swift */,
				4D31DFAA2C47FC59009150C8 /* ShapeBasic.swift */,
				4D31DFCC2C4AA63E009150C8 /* ExtractSubViewBasic.swift */,
				4D31DFD52C4AAEAB009150C8 /* ConditionalBasic.swift */,
				4D31DFD72C4AB326009150C8 /* TernaryBasic.swift */,
				4D31DFD12C4AA859009150C8 /* BindingBasic.swift */,
				4D31DFD92C4CE989009150C8 /* AnimationBasic.swift */,
				4D31DFDB2C4CEDEB009150C8 /* TransitionBasic.swift */,
				4D31DFDD2C4D331C009150C8 /* SheetBasic.swift */,
				4D31DFE12C4D34FA009150C8 /* NavigationBasic.swift */,
				4D31DFE52C4D4142009150C8 /* ListBasic.swift */,
				4D31DFE72C4D447C009150C8 /* AlertBasic.swift */,
				4D31DFE92C4D49D1009150C8 /* ContextMenuBasic.swift */,
				4D31DFEB2C4DF0D7009150C8 /* ActionSheetBasic.swift */,
				4D31DFED2C4DF858009150C8 /* TextFieldBasic.swift */,
				4D31DFEF2C4DFBE8009150C8 /* ToggleBasic.swift */,
				4D31DFF12C4DFCED009150C8 /* PickerBasic.swift */,
				4D31DFF32C4DFECB009150C8 /* ColorPickerBasic.swift */,
				4D31DFF52C4E068D009150C8 /* DatePickerBasic.swift */,
				4D31DFF72C4E0C6D009150C8 /* StepperBasic.swift */,
				4D31DFF92C4E0F8F009150C8 /* SliderBasic.swift */,
				4D31DFFB2C4E161F009150C8 /* TabViewBasic.swift */,
				4D31DFFD2C4E1A2F009150C8 /* DarkModeBasic.swift */,
				4D31E0012C4E1D0A009150C8 /* OnAppearBasic.swift */,
				4D31E0032C4E1F48009150C8 /* OnTabGesture.swift */,
				4D31DFE32C4D3505009150C8 /* SecondNavigationView.swift */,
				4D31E04A2C4FACD6009150C8 /* AppStorageBasic.swift */,
				4D31DFDF2C4D332A009150C8 /* SheetBasic2.swift */,
				4D31DFCE2C4AA64C009150C8 /* Component */,
				4D31DFAC2C48D979009150C8 /* ColorBasic.swift */,
				4D31E0752C534586009150C8 /* CloudKitBootcamps */,
				4D31E02F2C4F8E6E009150C8 /* MVVM */,
				4D6349A32C3453B3009FCC33 /* GridItemView.swift */,
				0326215E2C92D97C00312139 /* VitalTracker */,
				4D6349952C344C05009FCC33 /* Assets.xcassets */,
				4D6349972C344C05009FCC33 /* Preview Content */,
			);
			path = SwiftUIPrctice2;
			sourceTree = "<group>";
		};
		4D6349972C344C05009FCC33 /* Preview Content */ = {
			isa = PBXGroup;
			children = (
				4D6349982C344C05009FCC33 /* Preview Assets.xcassets */,
			);
			path = "Preview Content";
			sourceTree = "<group>";
		};
/* End PBXGroup section */

/* Begin PBXNativeTarget section */
		4D63498D2C344C04009FCC33 /* SwiftUIBasic */ = {
			isa = PBXNativeTarget;
			buildConfigurationList = 4D63499C2C344C05009FCC33 /* Build configuration list for PBXNativeTarget "SwiftUIBasic" */;
			buildPhases = (
				4D63498A2C344C04009FCC33 /* Sources */,
				4D63498B2C344C04009FCC33 /* Frameworks */,
				4D63498C2C344C04009FCC33 /* Resources */,
			);
			buildRules = (
			);
			dependencies = (
			);
			name = SwiftUIBasic;
			productName = SwiftUIPrctice2;
			productReference = 4D63498E2C344C04009FCC33 /* SwiftUIBasic.app */;
			productType = "com.apple.product-type.application";
		};
/* End PBXNativeTarget section */

/* Begin PBXProject section */
		4D6349862C344C04009FCC33 /* Project object */ = {
			isa = PBXProject;
			attributes = {
				BuildIndependentTargetsInParallel = 1;
				LastSwiftUpdateCheck = 1520;
				LastUpgradeCheck = 1520;
				TargetAttributes = {
					4D63498D2C344C04009FCC33 = {
						CreatedOnToolsVersion = 15.2;
					};
				};
			};
			buildConfigurationList = 4D6349892C344C04009FCC33 /* Build configuration list for PBXProject "SwiftUIBasic" */;
			compatibilityVersion = "Xcode 14.0";
			developmentRegion = en;
			hasScannedForEncodings = 0;
			knownRegions = (
				en,
				Base,
			);
			mainGroup = 4D6349852C344C04009FCC33;
			productRefGroup = 4D63498F2C344C04009FCC33 /* Products */;
			projectDirPath = "";
			projectRoot = "";
			targets = (
				4D63498D2C344C04009FCC33 /* SwiftUIBasic */,
			);
		};
/* End PBXProject section */

/* Begin PBXResourcesBuildPhase section */
		4D63498C2C344C04009FCC33 /* Resources */ = {
			isa = PBXResourcesBuildPhase;
			buildActionMask = 2147483647;
			files = (
				4D6349992C344C05009FCC33 /* Preview Assets.xcassets in Resources */,
				4D6349962C344C05009FCC33 /* Assets.xcassets in Resources */,
			);
			runOnlyForDeploymentPostprocessing = 0;
		};
/* End PBXResourcesBuildPhase section */

/* Begin PBXSourcesBuildPhase section */
		4D63498A2C344C04009FCC33 /* Sources */ = {
			isa = PBXSourcesBuildPhase;
			buildActionMask = 2147483647;
			files = (
				4D31DFD82C4AB326009150C8 /* TernaryBasic.swift in Sources */,
				4D31DFB52C48F61F009150C8 /* FrameBasic.swift in Sources */,
				03E673BC2CAFA8F800A6A672 /* AmbientLightView.swift in Sources */,
				032621602C92D99E00312139 /* EventKitManager.swift in Sources */,
				4D31DFB32C48EFAD009150C8 /* ImageBasic.swift in Sources */,
				4D31DFD22C4AA859009150C8 /* BindingBasic.swift in Sources */,
				4D31E0452C4FA6A9009150C8 /* iOSDeviceView.swift in Sources */,
				4D31E0362C4F8F5A009150C8 /* UserModelBasicView.swift in Sources */,
				4D31DFB72C48FA82009150C8 /* BackgrounOverlayBasic.swift in Sources */,
				4D31DFE22C4D34FA009150C8 /* NavigationBasic.swift in Sources */,
				4D31E0472C4FA71D009150C8 /* iOSDeviceView2.swift in Sources */,
				4D31E03A2C4F92E2009150C8 /* FruitViewModel.swift in Sources */,
				4D31DFE62C4D4142009150C8 /* ListBasic.swift in Sources */,
				4D31DFE02C4D332A009150C8 /* SheetBasic2.swift in Sources */,
				4D31DFD02C4AA660009150C8 /* ItemBasic.swift in Sources */,
				4D31DFEA2C4D49D1009150C8 /* ContextMenuBasic.swift in Sources */,
				4D31DFFA2C4E0F8F009150C8 /* SliderBasic.swift in Sources */,
				4D6349942C344C04009FCC33 /* ContentView.swift in Sources */,
				4D31DFF62C4E068D009150C8 /* DatePickerBasic.swift in Sources */,
				4D956A372C9DDC35002960E7 /* KeyboardLogView.swift in Sources */,
				4D6349A22C344FB9009FCC33 /* CustomScrollView.swift in Sources */,
				4D956A2F2C984DB1002960E7 /* SensorKitManager.swift in Sources */,
				4D31DFF02C4DFBE8009150C8 /* ToggleBasic.swift in Sources */,
				4D31DFAF2C48E47A009150C8 /* GradientBasic.swift in Sources */,
				4D31DFBB2C490D13009150C8 /* PaddingBasic.swift in Sources */,
				4D31E0772C5345AA009150C8 /* ClouldKitUserBootcamp.swift in Sources */,
				4D31DFFC2C4E161F009150C8 /* TabViewBasic.swift in Sources */,
				4D956A312C9C77C0002960E7 /* KeyboardLogManager.swift in Sources */,
				032621622C93C03500312139 /* PressureManager.swift in Sources */,
				4D31E0342C4F8EA8009150C8 /* UserModel.swift in Sources */,
				4D31DFC32C4A0381009150C8 /* ForEachBasic.swift in Sources */,
				4D6349922C344C04009FCC33 /* SwiftUIPrctice2App.swift in Sources */,
				4D31DFDE2C4D331C009150C8 /* SheetBasic.swift in Sources */,
				4D31DFA92C47D46E009150C8 /* TextBasic.swift in Sources */,
				4D31DFBD2C490FF8009150C8 /* SpacerBasic.swift in Sources */,
				4D31E03F2C4F9875009150C8 /* SecondScreen.swift in Sources */,
				4D6349A02C344F16009FCC33 /* ListView.swift in Sources */,
				4D31E0022C4E1D0A009150C8 /* OnAppearBasic.swift in Sources */,
				4D31DFB12C48ED64009150C8 /* IconBasic.swift in Sources */,
				4D31E0042C4E1F48009150C8 /* OnTabGesture.swift in Sources */,
				4D31DFBF2C493573009150C8 /* ScrollViewBasic.swift in Sources */,
				4D31DFCB2C4AA508009150C8 /* ExtactViewBasic.swift in Sources */,
				4D31DFC12C493BE3009150C8 /* initEnumBasic.swift in Sources */,
				4D31E0492C4FA7E2009150C8 /* iOSDeviceView3.swift in Sources */,
				4D31DFDA2C4CE989009150C8 /* AnimationBasic.swift in Sources */,
				4D31DFEE2C4DF858009150C8 /* TextFieldBasic.swift in Sources */,
				4D31E0382C4F92AD009150C8 /* FruitModel.swift in Sources */,
				4D31DFA72C47AD78009150C8 /* LazyGridBasic.swift in Sources */,
				4D31DFEC2C4DF0D7009150C8 /* ActionSheetBasic.swift in Sources */,
				4D31DFE42C4D3505009150C8 /* SecondNavigationView.swift in Sources */,
				4D31DFC72C4A8FF1009150C8 /* ButtonBasic.swift in Sources */,
				4D31DFCD2C4AA63E009150C8 /* ExtractSubViewBasic.swift in Sources */,
				4D31DFF42C4DFECB009150C8 /* ColorPickerBasic.swift in Sources */,
				4D31DFC52C4A0CF7009150C8 /* IgnoreSafeAreaBasic.swift in Sources */,
				4D31E0432C4FA5F9009150C8 /* iOSdeviceViewModel.swift in Sources */,
				4D31DFD62C4AAEAB009150C8 /* ConditionalBasic.swift in Sources */,
				4D31E0412C4FA5B3009150C8 /* iOSdeviceModel.swift in Sources */,
				4D31DFC92C4AA19F009150C8 /* StateBasic.swift in Sources */,
				4D31DFD42C4AA871009150C8 /* BindingChildBasic.swift in Sources */,
				4D31E03C2C4F9509009150C8 /* FruitBasicView.swift in Sources */,
				4D31DFFE2C4E1A2F009150C8 /* DarkModeBasic.swift in Sources */,
				4D31DFB92C49089C009150C8 /* StackBasic.swift in Sources */,
				4D31DFAB2C47FC59009150C8 /* ShapeBasic.swift in Sources */,
				4D31DFDC2C4CEDEB009150C8 /* TransitionBasic.swift in Sources */,
				4D31DFE82C4D447C009150C8 /* AlertBasic.swift in Sources */,
				4D31DFAD2C48D979009150C8 /* ColorBasic.swift in Sources */,
				4D6349A42C3453B3009FCC33 /* GridItemView.swift in Sources */,
				4D31DFF82C4E0C6D009150C8 /* StepperBasic.swift in Sources */,
				4D31DFF22C4DFCED009150C8 /* PickerBasic.swift in Sources */,
				4D31E04B2C4FACD6009150C8 /* AppStorageBasic.swift in Sources */,
			);
			runOnlyForDeploymentPostprocessing = 0;
		};
/* End PBXSourcesBuildPhase section */

/* Begin XCBuildConfiguration section */
		4D63499A2C344C05009FCC33 /* Debug */ = {
			isa = XCBuildConfiguration;
			buildSettings = {
				ALWAYS_SEARCH_USER_PATHS = NO;
				ASSETCATALOG_COMPILER_GENERATE_SWIFT_ASSET_SYMBOL_EXTENSIONS = YES;
				CLANG_ANALYZER_NONNULL = YES;
				CLANG_ANALYZER_NUMBER_OBJECT_CONVERSION = YES_AGGRESSIVE;
				CLANG_CXX_LANGUAGE_STANDARD = "gnu++20";
				CLANG_ENABLE_MODULES = YES;
				CLANG_ENABLE_OBJC_ARC = YES;
				CLANG_ENABLE_OBJC_WEAK = YES;
				CLANG_WARN_BLOCK_CAPTURE_AUTORELEASING = YES;
				CLANG_WARN_BOOL_CONVERSION = YES;
				CLANG_WARN_COMMA = YES;
				CLANG_WARN_CONSTANT_CONVERSION = YES;
				CLANG_WARN_DEPRECATED_OBJC_IMPLEMENTATIONS = YES;
				CLANG_WARN_DIRECT_OBJC_ISA_USAGE = YES_ERROR;
				CLANG_WARN_DOCUMENTATION_COMMENTS = YES;
				CLANG_WARN_EMPTY_BODY = YES;
				CLANG_WARN_ENUM_CONVERSION = YES;
				CLANG_WARN_INFINITE_RECURSION = YES;
				CLANG_WARN_INT_CONVERSION = YES;
				CLANG_WARN_NON_LITERAL_NULL_CONVERSION = YES;
				CLANG_WARN_OBJC_IMPLICIT_RETAIN_SELF = YES;
				CLANG_WARN_OBJC_LITERAL_CONVERSION = YES;
				CLANG_WARN_OBJC_ROOT_CLASS = YES_ERROR;
				CLANG_WARN_QUOTED_INCLUDE_IN_FRAMEWORK_HEADER = YES;
				CLANG_WARN_RANGE_LOOP_ANALYSIS = YES;
				CLANG_WARN_STRICT_PROTOTYPES = YES;
				CLANG_WARN_SUSPICIOUS_MOVE = YES;
				CLANG_WARN_UNGUARDED_AVAILABILITY = YES_AGGRESSIVE;
				CLANG_WARN_UNREACHABLE_CODE = YES;
				CLANG_WARN__DUPLICATE_METHOD_MATCH = YES;
				COPY_PHASE_STRIP = NO;
				DEBUG_INFORMATION_FORMAT = dwarf;
				ENABLE_STRICT_OBJC_MSGSEND = YES;
				ENABLE_TESTABILITY = YES;
				ENABLE_USER_SCRIPT_SANDBOXING = YES;
				GCC_C_LANGUAGE_STANDARD = gnu17;
				GCC_DYNAMIC_NO_PIC = NO;
				GCC_NO_COMMON_BLOCKS = YES;
				GCC_OPTIMIZATION_LEVEL = 0;
				GCC_PREPROCESSOR_DEFINITIONS = (
					"DEBUG=1",
					"$(inherited)",
				);
				GCC_WARN_64_TO_32_BIT_CONVERSION = YES;
				GCC_WARN_ABOUT_RETURN_TYPE = YES_ERROR;
				GCC_WARN_UNDECLARED_SELECTOR = YES;
				GCC_WARN_UNINITIALIZED_AUTOS = YES_AGGRESSIVE;
				GCC_WARN_UNUSED_FUNCTION = YES;
				GCC_WARN_UNUSED_VARIABLE = YES;
				IPHONEOS_DEPLOYMENT_TARGET = 17.2;
				LOCALIZATION_PREFERS_STRING_CATALOGS = YES;
				MTL_ENABLE_DEBUG_INFO = INCLUDE_SOURCE;
				MTL_FAST_MATH = YES;
				ONLY_ACTIVE_ARCH = YES;
				SDKROOT = iphoneos;
				SWIFT_ACTIVE_COMPILATION_CONDITIONS = "DEBUG $(inherited)";
				SWIFT_OPTIMIZATION_LEVEL = "-Onone";
			};
			name = Debug;
		};
		4D63499B2C344C05009FCC33 /* Release */ = {
			isa = XCBuildConfiguration;
			buildSettings = {
				ALWAYS_SEARCH_USER_PATHS = NO;
				ASSETCATALOG_COMPILER_GENERATE_SWIFT_ASSET_SYMBOL_EXTENSIONS = YES;
				CLANG_ANALYZER_NONNULL = YES;
				CLANG_ANALYZER_NUMBER_OBJECT_CONVERSION = YES_AGGRESSIVE;
				CLANG_CXX_LANGUAGE_STANDARD = "gnu++20";
				CLANG_ENABLE_MODULES = YES;
				CLANG_ENABLE_OBJC_ARC = YES;
				CLANG_ENABLE_OBJC_WEAK = YES;
				CLANG_WARN_BLOCK_CAPTURE_AUTORELEASING = YES;
				CLANG_WARN_BOOL_CONVERSION = YES;
				CLANG_WARN_COMMA = YES;
				CLANG_WARN_CONSTANT_CONVERSION = YES;
				CLANG_WARN_DEPRECATED_OBJC_IMPLEMENTATIONS = YES;
				CLANG_WARN_DIRECT_OBJC_ISA_USAGE = YES_ERROR;
				CLANG_WARN_DOCUMENTATION_COMMENTS = YES;
				CLANG_WARN_EMPTY_BODY = YES;
				CLANG_WARN_ENUM_CONVERSION = YES;
				CLANG_WARN_INFINITE_RECURSION = YES;
				CLANG_WARN_INT_CONVERSION = YES;
				CLANG_WARN_NON_LITERAL_NULL_CONVERSION = YES;
				CLANG_WARN_OBJC_IMPLICIT_RETAIN_SELF = YES;
				CLANG_WARN_OBJC_LITERAL_CONVERSION = YES;
				CLANG_WARN_OBJC_ROOT_CLASS = YES_ERROR;
				CLANG_WARN_QUOTED_INCLUDE_IN_FRAMEWORK_HEADER = YES;
				CLANG_WARN_RANGE_LOOP_ANALYSIS = YES;
				CLANG_WARN_STRICT_PROTOTYPES = YES;
				CLANG_WARN_SUSPICIOUS_MOVE = YES;
				CLANG_WARN_UNGUARDED_AVAILABILITY = YES_AGGRESSIVE;
				CLANG_WARN_UNREACHABLE_CODE = YES;
				CLANG_WARN__DUPLICATE_METHOD_MATCH = YES;
				COPY_PHASE_STRIP = NO;
				DEBUG_INFORMATION_FORMAT = "dwarf-with-dsym";
				ENABLE_NS_ASSERTIONS = NO;
				ENABLE_STRICT_OBJC_MSGSEND = YES;
				ENABLE_USER_SCRIPT_SANDBOXING = YES;
				GCC_C_LANGUAGE_STANDARD = gnu17;
				GCC_NO_COMMON_BLOCKS = YES;
				GCC_WARN_64_TO_32_BIT_CONVERSION = YES;
				GCC_WARN_ABOUT_RETURN_TYPE = YES_ERROR;
				GCC_WARN_UNDECLARED_SELECTOR = YES;
				GCC_WARN_UNINITIALIZED_AUTOS = YES_AGGRESSIVE;
				GCC_WARN_UNUSED_FUNCTION = YES;
				GCC_WARN_UNUSED_VARIABLE = YES;
				IPHONEOS_DEPLOYMENT_TARGET = 17.2;
				LOCALIZATION_PREFERS_STRING_CATALOGS = YES;
				MTL_ENABLE_DEBUG_INFO = NO;
				MTL_FAST_MATH = YES;
				SDKROOT = iphoneos;
				SWIFT_COMPILATION_MODE = wholemodule;
				VALIDATE_PRODUCT = YES;
			};
			name = Release;
		};
		4D63499D2C344C05009FCC33 /* Debug */ = {
			isa = XCBuildConfiguration;
			buildSettings = {
				ASSETCATALOG_COMPILER_APPICON_NAME = AppIcon;
				ASSETCATALOG_COMPILER_GLOBAL_ACCENT_COLOR_NAME = AccentColor;
				CODE_SIGN_ENTITLEMENTS = SwiftUIBasic.entitlements;
				CODE_SIGN_STYLE = Automatic;
				CURRENT_PROJECT_VERSION = 1;
				DEVELOPMENT_ASSET_PATHS = "\"SwiftUIPrctice2/Preview Content\"";
				DEVELOPMENT_TEAM = U68CWSQ94X;
				ENABLE_PREVIEWS = YES;
				GENERATE_INFOPLIST_FILE = YES;
				INFOPLIST_KEY_UIApplicationSceneManifest_Generation = YES;
				INFOPLIST_KEY_UIApplicationSupportsIndirectInputEvents = YES;
				INFOPLIST_KEY_UILaunchScreen_Generation = YES;
				INFOPLIST_KEY_UISupportedInterfaceOrientations_iPad = "UIInterfaceOrientationPortrait UIInterfaceOrientationPortraitUpsideDown UIInterfaceOrientationLandscapeLeft UIInterfaceOrientationLandscapeRight";
				INFOPLIST_KEY_UISupportedInterfaceOrientations_iPhone = "UIInterfaceOrientationPortrait UIInterfaceOrientationLandscapeLeft UIInterfaceOrientationLandscapeRight";
				LD_RUNPATH_SEARCH_PATHS = (
					"$(inherited)",
					"@executable_path/Frameworks",
				);
				MARKETING_VERSION = 1.0;
				PRODUCT_BUNDLE_IDENTIFIER = Project.SwiftUIPrctice2;
				PRODUCT_NAME = "$(TARGET_NAME)";
				SWIFT_EMIT_LOC_STRINGS = YES;
				SWIFT_VERSION = 5.0;
				TARGETED_DEVICE_FAMILY = "1,2";
			};
			name = Debug;
		};
		4D63499E2C344C05009FCC33 /* Release */ = {
			isa = XCBuildConfiguration;
			buildSettings = {
				ASSETCATALOG_COMPILER_APPICON_NAME = AppIcon;
				ASSETCATALOG_COMPILER_GLOBAL_ACCENT_COLOR_NAME = AccentColor;
				CODE_SIGN_ENTITLEMENTS = SwiftUIBasic.entitlements;
				CODE_SIGN_STYLE = Automatic;
				CURRENT_PROJECT_VERSION = 1;
				DEVELOPMENT_ASSET_PATHS = "\"SwiftUIPrctice2/Preview Content\"";
				DEVELOPMENT_TEAM = U68CWSQ94X;
				ENABLE_PREVIEWS = YES;
				GENERATE_INFOPLIST_FILE = YES;
				INFOPLIST_KEY_UIApplicationSceneManifest_Generation = YES;
				INFOPLIST_KEY_UIApplicationSupportsIndirectInputEvents = YES;
				INFOPLIST_KEY_UILaunchScreen_Generation = YES;
				INFOPLIST_KEY_UISupportedInterfaceOrientations_iPad = "UIInterfaceOrientationPortrait UIInterfaceOrientationPortraitUpsideDown UIInterfaceOrientationLandscapeLeft UIInterfaceOrientationLandscapeRight";
				INFOPLIST_KEY_UISupportedInterfaceOrientations_iPhone = "UIInterfaceOrientationPortrait UIInterfaceOrientationLandscapeLeft UIInterfaceOrientationLandscapeRight";
				LD_RUNPATH_SEARCH_PATHS = (
					"$(inherited)",
					"@executable_path/Frameworks",
				);
				MARKETING_VERSION = 1.0;
				PRODUCT_BUNDLE_IDENTIFIER = Project.SwiftUIPrctice2;
				PRODUCT_NAME = "$(TARGET_NAME)";
				SWIFT_EMIT_LOC_STRINGS = YES;
				SWIFT_VERSION = 5.0;
				TARGETED_DEVICE_FAMILY = "1,2";
			};
			name = Release;
		};
/* End XCBuildConfiguration section */

/* Begin XCConfigurationList section */
		4D6349892C344C04009FCC33 /* Build configuration list for PBXProject "SwiftUIBasic" */ = {
			isa = XCConfigurationList;
			buildConfigurations = (
				4D63499A2C344C05009FCC33 /* Debug */,
				4D63499B2C344C05009FCC33 /* Release */,
			);
			defaultConfigurationIsVisible = 0;
			defaultConfigurationName = Release;
		};
		4D63499C2C344C05009FCC33 /* Build configuration list for PBXNativeTarget "SwiftUIBasic" */ = {
			isa = XCConfigurationList;
			buildConfigurations = (
				4D63499D2C344C05009FCC33 /* Debug */,
				4D63499E2C344C05009FCC33 /* Release */,
			);
			defaultConfigurationIsVisible = 0;
			defaultConfigurationName = Release;
		};
/* End XCConfigurationList section */
	};
	rootObject = 4D6349862C344C04009FCC33 /* Project object */;
}
